<?xml version="1.0" encoding="utf-8"?>
<Project ToolsVersion="4.0" xmlns="http://schemas.microsoft.com/developer/msbuild/2003">
  <ItemGroup>
    <Filter Include="Source Files">
      <UniqueIdentifier>{a2b6a907-12e8-45d0-9415-650acb5c2fd0}</UniqueIdentifier>
      <Extensions>cpp;c;cxx;rc;def;r;odl;idl;hpj;bat</Extensions>
    </Filter>
    <Filter Include="Header Files">
      <UniqueIdentifier>{7953f3dc-0827-42b0-9656-bc94d7f8661e}</UniqueIdentifier>
      <Extensions>.h</Extensions>
    </Filter>
  </ItemGroup>
  <ItemGroup>
    <ClCompile Include="src\fopen_compressed.cpp">
      <Filter>Source Files</Filter>
    </ClCompile>
    <ClCompile Include="src\lasfilter.cpp">
      <Filter>Source Files</Filter>
    </ClCompile>
    <ClCompile Include="src\lasreader.cpp">
      <Filter>Source Files</Filter>
    </ClCompile>
    <ClCompile Include="src\lasreader_asc.cpp">
      <Filter>Source Files</Filter>
    </ClCompile>
    <ClCompile Include="src\lasreader_bil.cpp">
      <Filter>Source Files</Filter>
    </ClCompile>
    <ClCompile Include="src\lasreader_bin.cpp">
      <Filter>Source Files</Filter>
    </ClCompile>
    <ClCompile Include="src\lasreader_dtm.cpp">
      <Filter>Source Files</Filter>
    </ClCompile>
    <ClCompile Include="src\lasreader_las.cpp">
      <Filter>Source Files</Filter>
    </ClCompile>
    <ClCompile Include="src\lasreader_qfit.cpp">
      <Filter>Source Files</Filter>
    </ClCompile>
    <ClCompile Include="src\lasreader_shp.cpp">
      <Filter>Source Files</Filter>
    </ClCompile>
    <ClCompile Include="src\lasreader_txt.cpp">
      <Filter>Source Files</Filter>
    </ClCompile>
    <ClCompile Include="src\lasreaderbuffered.cpp">
      <Filter>Source Files</Filter>
    </ClCompile>
    <ClCompile Include="src\lasreadermerged.cpp">
      <Filter>Source Files</Filter>
    </ClCompile>
    <ClCompile Include="src\lasreaderpipeon.cpp">
      <Filter>Source Files</Filter>
    </ClCompile>
    <ClCompile Include="src\lasreaderstored.cpp">
      <Filter>Source Files</Filter>
    </ClCompile>
    <ClCompile Include="src\lastransform.cpp">
      <Filter>Source Files</Filter>
    </ClCompile>
    <ClCompile Include="src\lasutility.cpp">
      <Filter>Source Files</Filter>
    </ClCompile>
    <ClCompile Include="src\laswaveform13reader.cpp">
      <Filter>Source Files</Filter>
    </ClCompile>
    <ClCompile Include="src\laswaveform13writer.cpp">
      <Filter>Source Files</Filter>
    </ClCompile>
    <ClCompile Include="src\laswriter.cpp">
      <Filter>Source Files</Filter>
    </ClCompile>
    <ClCompile Include="src\laswriter_bin.cpp">
      <Filter>Source Files</Filter>
    </ClCompile>
    <ClCompile Include="src\laswriter_las.cpp">
      <Filter>Source Files</Filter>
    </ClCompile>
    <ClCompile Include="src\laswriter_qfit.cpp">
      <Filter>Source Files</Filter>
    </ClCompile>
    <ClCompile Include="src\laswriter_txt.cpp">
      <Filter>Source Files</Filter>
    </ClCompile>
    <ClCompile Include="src\laswriter_wrl.cpp">
      <Filter>Source Files</Filter>
    </ClCompile>
    <ClCompile Include="src\laswritercompatible.cpp">
      <Filter>Source Files</Filter>
    </ClCompile>
    <ClCompile Include="..\LASzip\src\laszip.cpp">
      <Filter>Source Files</Filter>
    </ClCompile>
    <ClCompile Include="..\LASzip\src\laszipper.cpp">
      <Filter>Source Files</Filter>
    </ClCompile>
    <ClCompile Include="..\LASzip\src\arithmeticdecoder.cpp">
      <Filter>Source Files</Filter>
    </ClCompile>
    <ClCompile Include="..\LASzip\src\arithmeticencoder.cpp">
      <Filter>Source Files</Filter>
    </ClCompile>
    <ClCompile Include="..\LASzip\src\arithmeticmodel.cpp">
      <Filter>Source Files</Filter>
    </ClCompile>
    <ClCompile Include="..\LASzip\src\integercompressor.cpp">
      <Filter>Source Files</Filter>
    </ClCompile>
    <ClCompile Include="..\LASzip\src\lasindex.cpp">
      <Filter>Source Files</Filter>
    </ClCompile>
    <ClCompile Include="..\LASzip\src\lasinterval.cpp">
      <Filter>Source Files</Filter>
    </ClCompile>
    <ClCompile Include="..\LASzip\src\lasquadtree.cpp">
      <Filter>Source Files</Filter>
    </ClCompile>
    <ClCompile Include="..\LASzip\src\lasreaditemcompressed_v1.cpp">
      <Filter>Source Files</Filter>
    </ClCompile>
    <ClCompile Include="..\LASzip\src\lasreaditemcompressed_v2.cpp">
      <Filter>Source Files</Filter>
    </ClCompile>
    <ClCompile Include="..\LASzip\src\lasreaditemcompressed_v3.cpp">
      <Filter>Source Files</Filter>
    </ClCompile>
    <ClCompile Include="..\LASzip\src\lasreaditemcompressed_v4.cpp">
      <Filter>Source Files</Filter>
    </ClCompile>
    <ClCompile Include="..\LASzip\src\lasreadpoint.cpp">
      <Filter>Source Files</Filter>
    </ClCompile>
    <ClCompile Include="..\LASzip\src\lasunzipper.cpp">
      <Filter>Source Files</Filter>
    </ClCompile>
    <ClCompile Include="..\LASzip\src\laswriteitemcompressed_v1.cpp">
      <Filter>Source Files</Filter>
    </ClCompile>
    <ClCompile Include="..\LASzip\src\laswriteitemcompressed_v2.cpp">
      <Filter>Source Files</Filter>
    </ClCompile>
    <ClCompile Include="..\LASzip\src\laswriteitemcompressed_v3.cpp">
      <Filter>Source Files</Filter>
    </ClCompile>
    <ClCompile Include="..\LASzip\src\laswriteitemcompressed_v4.cpp">
      <Filter>Source Files</Filter>
    </ClCompile>
    <ClCompile Include="..\LASzip\src\laswritepoint.cpp">
      <Filter>Source Files</Filter>
    </ClCompile>
  </ItemGroup>
  <ItemGroup>
    <None Include="src\Makefile">
      <Filter>Source Files</Filter>
    </None>
  </ItemGroup>
  <ItemGroup>
    <ClInclude Include="inc\lasdefinitions.hpp">
      <Filter>Header Files</Filter>
    </ClInclude>
    <ClInclude Include="inc\lasfilter.hpp">
      <Filter>Header Files</Filter>
    </ClInclude>
    <ClInclude Include="inc\lasreader.hpp">
      <Filter>Header Files</Filter>
    </ClInclude>
    <ClInclude Include="inc\lasreader_asc.hpp">
      <Filter>Header Files</Filter>
    </ClInclude>
    <ClInclude Include="inc\lasreader_bil.hpp">
      <Filter>Header Files</Filter>
    </ClInclude>
    <ClInclude Include="inc\lasreader_bin.hpp">
      <Filter>Header Files</Filter>
    </ClInclude>
    <ClInclude Include="inc\lasreader_dtm.hpp">
      <Filter>Header Files</Filter>
    </ClInclude>
    <ClInclude Include="inc\lasreader_las.hpp">
      <Filter>Header Files</Filter>
    </ClInclude>
    <ClInclude Include="inc\lasreader_qfit.hpp">
      <Filter>Header Files</Filter>
    </ClInclude>
    <ClInclude Include="inc\lasreader_shp.hpp">
      <Filter>Header Files</Filter>
    </ClInclude>
    <ClInclude Include="inc\lasreader_txt.hpp">
      <Filter>Header Files</Filter>
    </ClInclude>
    <ClInclude Include="inc\lasreaderbuffered.hpp">
      <Filter>Header Files</Filter>
    </ClInclude>
    <ClInclude Include="inc\lasreadermerged.hpp">
      <Filter>Header Files</Filter>
    </ClInclude>
    <ClInclude Include="inc\lasreaderpipeon.hpp">
      <Filter>Header Files</Filter>
    </ClInclude>
    <ClInclude Include="inc\lasreaderstored.hpp">
      <Filter>Header Files</Filter>
    </ClInclude>
    <ClInclude Include="inc\lastransform.hpp">
      <Filter>Header Files</Filter>
    </ClInclude>
    <ClInclude Include="inc\lasutility.hpp">
      <Filter>Header Files</Filter>
    </ClInclude>
    <ClInclude Include="inc\laswaveform13reader.hpp">
      <Filter>Header Files</Filter>
    </ClInclude>
    <ClInclude Include="inc\laswaveform13writer.hpp">
      <Filter>Header Files</Filter>
    </ClInclude>
    <ClInclude Include="inc\laswriter.hpp">
      <Filter>Header Files</Filter>
    </ClInclude>
    <ClInclude Include="inc\laswriter_bin.hpp">
      <Filter>Header Files</Filter>
    </ClInclude>
    <ClInclude Include="inc\laswriter_las.hpp">
      <Filter>Header Files</Filter>
    </ClInclude>
    <ClInclude Include="inc\laswriter_qfit.hpp">
      <Filter>Header Files</Filter>
    </ClInclude>
    <ClInclude Include="inc\laswriter_txt.hpp">
      <Filter>Header Files</Filter>
    </ClInclude>
    <ClInclude Include="inc\laswriter_wrl.hpp">
      <Filter>Header Files</Filter>
    </ClInclude>
    <ClInclude Include="inc\laswritercompatible.hpp">
      <Filter>Header Files</Filter>
    </ClInclude>
  </ItemGroup>
</Project>